
Microsoft Visual Studio Solution File, Format Version 12.00
# Visual Studio 14
VisualStudioVersion = 14.0.25420.1
MinimumVisualStudioVersion = 10.0.40219.1
Project("{FAE04EC0-301F-11D3-BF4B-00C04F79EFBC}") = "MVC_Data", "MVC_Data\MVC_Data.csproj", "{1A0F191C-BBC4-404A-9B31-107093593480}"
EndProject
Project("{FAE04EC0-301F-11D3-BF4B-00C04F79EFBC}") = "MVC_Business", "MVC_Business\MVC_Business.csproj", "{98F90608-D45A-4945-89EF-12FF7A1C0CA1}"
EndProject
Project("{FAE04EC0-301F-11D3-BF4B-00C04F79EFBC}") = "MVC_Web", "MVC_Web\MVC_Web.csproj", "{49AB7048-7F85-45A1-B0B6-FF034A08FA59}"
EndProject
Global
	GlobalSection(SolutionConfigurationPlatforms) = preSolution
		Debug|Any CPU = Debug|Any CPU
		Release|Any CPU = Release|Any CPU
	EndGlobalSection
	GlobalSection(ProjectConfigurationPlatforms) = postSolution
		{1A0F191C-BBC4-404A-9B31-107093593480}.Debug|Any CPU.ActiveCfg = Debug|Any CPU
		{1A0F191C-BBC4-404A-9B31-107093593480}.Debug|Any CPU.Build.0 = Debug|Any CPU
		{1A0F191C-BBC4-404A-9B31-107093593480}.Release|Any CPU.ActiveCfg = Release|Any CPU
		{1A0F191C-BBC4-404A-9B31-107093593480}.Release|Any CPU.Build.0 = Release|Any CPU
		{98F90608-D45A-4945-89EF-12FF7A1C0CA1}.Debug|Any CPU.ActiveCfg = Debug|Any CPU
		{98F90608-D45A-4945-89EF-12FF7A1C0CA1}.Debug|Any CPU.Build.0 = Debug|Any CPU
		{98F90608-D45A-4945-89EF-12FF7A1C0CA1}.Release|Any CPU.ActiveCfg = Release|Any CPU
		{98F90608-D45A-4945-89EF-12FF7A1C0CA1}.Release|Any CPU.Build.0 = Release|Any CPU
		{49AB7048-7F85-45A1-B0B6-FF034A08FA59}.Debug|Any CPU.ActiveCfg = Debug|Any CPU
		{49AB7048-7F85-45A1-B0B6-FF034A08FA59}.Debug|Any CPU.Build.0 = Debug|Any CPU
		{49AB7048-7F85-45A1-B0B6-FF034A08FA59}.Release|Any CPU.ActiveCfg = Release|Any CPU
		{49AB7048-7F85-45A1-B0B6-FF034A08FA59}.Release|Any CPU.Build.0 = Release|Any CPU
	EndGlobalSection
	GlobalSection(SolutionProperties) = preSolution
		HideSolutionNode = FALSE
	EndGlobalSection
EndGlobal
